
Microsoft Visual Studio Solution File, Format Version 12.00
# Visual Studio Version 17
VisualStudioVersion = 17.14.36203.30 d17.14
MinimumVisualStudioVersion = 10.0.40219.1
Project("{FAE04EC0-301F-11D3-BF4B-00C04F79EFBC}") = "ProductsMicroService.API", "ProductsMicroService.API\ProductsMicroService.API.csproj", "{1D2FC4CA-6F65-4930-B5C8-6273D6369339}"
EndProject
Project("{FAE04EC0-301F-11D3-BF4B-00C04F79EFBC}") = "DataAccessLayer", "DataAccessLayer\DataAccessLayer.csproj", "{EC6C9EDE-CD1F-451A-A9F5-68EACD37E9DE}"
EndProject
Project("{FAE04EC0-301F-11D3-BF4B-00C04F79EFBC}") = "BusinessLogicLayer", "BusinessLogicLayer\BusinessLogicLayer.csproj", "{A89E03E6-E181-4A8C-90B1-96E446F9FB08}"
EndProject
Global
	GlobalSection(SolutionConfigurationPlatforms) = preSolution
		Debug|Any CPU = Debug|Any CPU
		Release|Any CPU = Release|Any CPU
	EndGlobalSection
	GlobalSection(ProjectConfigurationPlatforms) = postSolution
		{1D2FC4CA-6F65-4930-B5C8-6273D6369339}.Debug|Any CPU.ActiveCfg = Debug|Any CPU
		{1D2FC4CA-6F65-4930-B5C8-6273D6369339}.Debug|Any CPU.Build.0 = Debug|Any CPU
		{1D2FC4CA-6F65-4930-B5C8-6273D6369339}.Release|Any CPU.ActiveCfg = Release|Any CPU
		{1D2FC4CA-6F65-4930-B5C8-6273D6369339}.Release|Any CPU.Build.0 = Release|Any CPU
		{EC6C9EDE-CD1F-451A-A9F5-68EACD37E9DE}.Debug|Any CPU.ActiveCfg = Debug|Any CPU
		{EC6C9EDE-CD1F-451A-A9F5-68EACD37E9DE}.Debug|Any CPU.Build.0 = Debug|Any CPU
		{EC6C9EDE-CD1F-451A-A9F5-68EACD37E9DE}.Release|Any CPU.ActiveCfg = Release|Any CPU
		{EC6C9EDE-CD1F-451A-A9F5-68EACD37E9DE}.Release|Any CPU.Build.0 = Release|Any CPU
		{A89E03E6-E181-4A8C-90B1-96E446F9FB08}.Debug|Any CPU.ActiveCfg = Debug|Any CPU
		{A89E03E6-E181-4A8C-90B1-96E446F9FB08}.Debug|Any CPU.Build.0 = Debug|Any CPU
		{A89E03E6-E181-4A8C-90B1-96E446F9FB08}.Release|Any CPU.ActiveCfg = Release|Any CPU
		{A89E03E6-E181-4A8C-90B1-96E446F9FB08}.Release|Any CPU.Build.0 = Release|Any CPU
	EndGlobalSection
	GlobalSection(SolutionProperties) = preSolution
		HideSolutionNode = FALSE
	EndGlobalSection
	GlobalSection(ExtensibilityGlobals) = postSolution
		SolutionGuid = {D7069654-F127-4621-835C-A5DA75F22FAF}
	EndGlobalSection
EndGlobal
